
Microsoft Visual Studio Solution File, Format Version 12.00
# Visual Studio Version 17
VisualStudioVersion = 17.14.36429.23 d17.14
MinimumVisualStudioVersion = 10.0.40219.1
Project("{FAE04EC0-301F-11D3-BF4B-00C04F79EFBC}") = "ProjetoFacul", "ProjetoFacul.csproj", "{FDB25C39-C819-4EFC-A2F0-7F78287E7A19}"
EndProject
Global
	GlobalSection(SolutionConfigurationPlatforms) = preSolution
		Debug|Any CPU = Debug|Any CPU
		Release|Any CPU = Release|Any CPU
	EndGlobalSection
	GlobalSection(ProjectConfigurationPlatforms) = postSolution
		{FDB25C39-C819-4EFC-A2F0-7F78287E7A19}.Debug|Any CPU.ActiveCfg = Debug|Any CPU
		{FDB25C39-C819-4EFC-A2F0-7F78287E7A19}.Debug|Any CPU.Build.0 = Debug|Any CPU
		{FDB25C39-C819-4EFC-A2F0-7F78287E7A19}.Release|Any CPU.ActiveCfg = Release|Any CPU
		{FDB25C39-C819-4EFC-A2F0-7F78287E7A19}.Release|Any CPU.Build.0 = Release|Any CPU
	EndGlobalSection
	GlobalSection(SolutionProperties) = preSolution
		HideSolutionNode = FALSE
	EndGlobalSection
	GlobalSection(ExtensibilityGlobals) = postSolution
		SolutionGuid = {813BF077-FEFE-4076-B613-497F8BA4DD63}
	EndGlobalSection
EndGlobal
